// !$*UTF8*$!
{
	archiveVersion = 1;
	classes = {
	};
	objectVersion = 46;
	objects = {

/* Begin PBXBuildFile section */
		1D8479971F82A77C00B3BBFB /* LazyArray+Any.swift in Sources */ = {isa = PBXBuildFile; fileRef = 1D84798D1F82A77B00B3BBFB /* LazyArray+Any.swift */; };
		1D8479981F82A77C00B3BBFB /* LazyArray+Array.swift in Sources */ = {isa = PBXBuildFile; fileRef = 1D84798E1F82A77B00B3BBFB /* LazyArray+Array.swift */; };
		1D8479991F82A77C00B3BBFB /* LazyArray+Linear.swift in Sources */ = {isa = PBXBuildFile; fileRef = 1D84798F1F82A77B00B3BBFB /* LazyArray+Linear.swift */; };
		1D84799A1F82A77C00B3BBFB /* LazyArray+Range.swift in Sources */ = {isa = PBXBuildFile; fileRef = 1D8479901F82A77B00B3BBFB /* LazyArray+Range.swift */; };
		1D84799B1F82A77C00B3BBFB /* LazyMutableList.swift in Sources */ = {isa = PBXBuildFile; fileRef = 1D8479911F82A77B00B3BBFB /* LazyMutableList.swift */; };
		1D84799C1F82A77C00B3BBFB /* LazyArray+Cache.swift in Sources */ = {isa = PBXBuildFile; fileRef = 1D8479921F82A77B00B3BBFB /* LazyArray+Cache.swift */; };
		1D84799D1F82A77C00B3BBFB /* LazyArray+Map.swift in Sources */ = {isa = PBXBuildFile; fileRef = 1D8479931F82A77C00B3BBFB /* LazyArray+Map.swift */; };
		1D84799E1F82A77C00B3BBFB /* LazyArray+Sequence.swift in Sources */ = {isa = PBXBuildFile; fileRef = 1D8479941F82A77C00B3BBFB /* LazyArray+Sequence.swift */; };
		1D84799F1F82A77C00B3BBFB /* LazyArray.swift in Sources */ = {isa = PBXBuildFile; fileRef = 1D8479951F82A77C00B3BBFB /* LazyArray.swift */; };
		1D8479A01F82A77C00B3BBFB /* LazyArray+CoutableRange.swift in Sources */ = {isa = PBXBuildFile; fileRef = 1D8479961F82A77C00B3BBFB /* LazyArray+CoutableRange.swift */; };
		OBJ_27 /* LazyArrayTests.swift in Sources */ = {isa = PBXBuildFile; fileRef = OBJ_11 /* LazyArrayTests.swift */; };
		OBJ_29 /* LazyArray.framework in Frameworks */ = {isa = PBXBuildFile; fileRef = OBJ_13 /* LazyArray.framework */; };
/* End PBXBuildFile section */

/* Begin PBXContainerItemProxy section */
		B06BA1FF1F6FA4F400536567 /* PBXContainerItemProxy */ = {
			isa = PBXContainerItemProxy;
			containerPortal = OBJ_1 /* Project object */;
			proxyType = 1;
			remoteGlobalIDString = OBJ_15;
			remoteInfo = LazyArray;
		};
/* End PBXContainerItemProxy section */

/* Begin PBXFileReference section */
		1D84798D1F82A77B00B3BBFB /* LazyArray+Any.swift */ = {isa = PBXFileReference; fileEncoding = 4; lastKnownFileType = sourcecode.swift; name = "LazyArray+Any.swift"; path = "LazyArray/LazyArray+Any.swift"; sourceTree = "<group>"; };
		1D84798E1F82A77B00B3BBFB /* LazyArray+Array.swift */ = {isa = PBXFileReference; fileEncoding = 4; lastKnownFileType = sourcecode.swift; name = "LazyArray+Array.swift"; path = "LazyArray/LazyArray+Array.swift"; sourceTree = "<group>"; };
		1D84798F1F82A77B00B3BBFB /* LazyArray+Linear.swift */ = {isa = PBXFileReference; fileEncoding = 4; lastKnownFileType = sourcecode.swift; name = "LazyArray+Linear.swift"; path = "LazyArray/LazyArray+Linear.swift"; sourceTree = "<group>"; };
		1D8479901F82A77B00B3BBFB /* LazyArray+Range.swift */ = {isa = PBXFileReference; fileEncoding = 4; lastKnownFileType = sourcecode.swift; name = "LazyArray+Range.swift"; path = "LazyArray/LazyArray+Range.swift"; sourceTree = "<group>"; };
		1D8479911F82A77B00B3BBFB /* LazyMutableList.swift */ = {isa = PBXFileReference; fileEncoding = 4; lastKnownFileType = sourcecode.swift; name = LazyMutableList.swift; path = LazyArray/LazyMutableList.swift; sourceTree = "<group>"; };
		1D8479921F82A77B00B3BBFB /* LazyArray+Cache.swift */ = {isa = PBXFileReference; fileEncoding = 4; lastKnownFileType = sourcecode.swift; name = "LazyArray+Cache.swift"; path = "LazyArray/LazyArray+Cache.swift"; sourceTree = "<group>"; };
		1D8479931F82A77C00B3BBFB /* LazyArray+Map.swift */ = {isa = PBXFileReference; fileEncoding = 4; lastKnownFileType = sourcecode.swift; name = "LazyArray+Map.swift"; path = "LazyArray/LazyArray+Map.swift"; sourceTree = "<group>"; };
		1D8479941F82A77C00B3BBFB /* LazyArray+Sequence.swift */ = {isa = PBXFileReference; fileEncoding = 4; lastKnownFileType = sourcecode.swift; name = "LazyArray+Sequence.swift"; path = "LazyArray/LazyArray+Sequence.swift"; sourceTree = "<group>"; };
		1D8479951F82A77C00B3BBFB /* LazyArray.swift */ = {isa = PBXFileReference; fileEncoding = 4; lastKnownFileType = sourcecode.swift; name = LazyArray.swift; path = LazyArray/LazyArray.swift; sourceTree = "<group>"; };
		1D8479961F82A77C00B3BBFB /* LazyArray+CoutableRange.swift */ = {isa = PBXFileReference; fileEncoding = 4; lastKnownFileType = sourcecode.swift; name = "LazyArray+CoutableRange.swift"; path = "LazyArray/LazyArray+CoutableRange.swift"; sourceTree = "<group>"; };
		OBJ_11 /* LazyArrayTests.swift */ = {isa = PBXFileReference; lastKnownFileType = sourcecode.swift; path = LazyArrayTests.swift; sourceTree = "<group>"; };
		OBJ_13 /* LazyArray.framework */ = {isa = PBXFileReference; explicitFileType = wrapper.framework; path = LazyArray.framework; sourceTree = BUILT_PRODUCTS_DIR; };
		OBJ_14 /* LazyArrayTests.xctest */ = {isa = PBXFileReference; lastKnownFileType = file; path = LazyArrayTests.xctest; sourceTree = BUILT_PRODUCTS_DIR; };
		OBJ_6 /* Package.swift */ = {isa = PBXFileReference; explicitFileType = sourcecode.swift; path = Package.swift; sourceTree = "<group>"; };
/* End PBXFileReference section */

/* Begin PBXFrameworksBuildPhase section */
		OBJ_21 /* Frameworks */ = {
			isa = PBXFrameworksBuildPhase;
			buildActionMask = 0;
			files = (
			);
			runOnlyForDeploymentPostprocessing = 0;
		};
		OBJ_28 /* Frameworks */ = {
			isa = PBXFrameworksBuildPhase;
			buildActionMask = 0;
			files = (
				OBJ_29 /* LazyArray.framework in Frameworks */,
			);
			runOnlyForDeploymentPostprocessing = 0;
		};
/* End PBXFrameworksBuildPhase section */

/* Begin PBXGroup section */
		OBJ_10 /* LazyArrayTests */ = {
			isa = PBXGroup;
			children = (
				OBJ_11 /* LazyArrayTests.swift */,
			);
			name = LazyArrayTests;
			path = Tests/LazyArrayTests;
			sourceTree = SOURCE_ROOT;
		};
		OBJ_12 /* Products */ = {
			isa = PBXGroup;
			children = (
				OBJ_13 /* LazyArray.framework */,
				OBJ_14 /* LazyArrayTests.xctest */,
			);
			name = Products;
			sourceTree = BUILT_PRODUCTS_DIR;
		};
		OBJ_5 = {
			isa = PBXGroup;
			children = (
				OBJ_6 /* Package.swift */,
				OBJ_7 /* Sources */,
				OBJ_9 /* Tests */,
				OBJ_12 /* Products */,
			);
			sourceTree = "<group>";
		};
		OBJ_7 /* Sources */ = {
			isa = PBXGroup;
			children = (
				1D8479951F82A77C00B3BBFB /* LazyArray.swift */,
				1D84798D1F82A77B00B3BBFB /* LazyArray+Any.swift */,
				1D84798E1F82A77B00B3BBFB /* LazyArray+Array.swift */,
				1D8479921F82A77B00B3BBFB /* LazyArray+Cache.swift */,
				1D8479961F82A77C00B3BBFB /* LazyArray+CoutableRange.swift */,
				1D84798F1F82A77B00B3BBFB /* LazyArray+Linear.swift */,
				1D8479931F82A77C00B3BBFB /* LazyArray+Map.swift */,
				1D8479901F82A77B00B3BBFB /* LazyArray+Range.swift */,
				1D8479941F82A77C00B3BBFB /* LazyArray+Sequence.swift */,
				1D8479911F82A77B00B3BBFB /* LazyMutableList.swift */,
			);
			path = Sources;
			sourceTree = SOURCE_ROOT;
		};
		OBJ_9 /* Tests */ = {
			isa = PBXGroup;
			children = (
				OBJ_10 /* LazyArrayTests */,
			);
			name = Tests;
			sourceTree = SOURCE_ROOT;
		};
/* End PBXGroup section */

/* Begin PBXNativeTarget section */
		OBJ_15 /* LazyArray */ = {
			isa = PBXNativeTarget;
			buildConfigurationList = OBJ_16 /* Build configuration list for PBXNativeTarget "LazyArray" */;
			buildPhases = (
				OBJ_19 /* Sources */,
				OBJ_21 /* Frameworks */,
			);
			buildRules = (
			);
			dependencies = (
			);
			name = LazyArray;
			productName = LazyArray;
			productReference = OBJ_13 /* LazyArray.framework */;
			productType = "com.apple.product-type.framework";
		};
		OBJ_22 /* LazyArrayTests */ = {
			isa = PBXNativeTarget;
			buildConfigurationList = OBJ_23 /* Build configuration list for PBXNativeTarget "LazyArrayTests" */;
			buildPhases = (
				OBJ_26 /* Sources */,
				OBJ_28 /* Frameworks */,
			);
			buildRules = (
			);
			dependencies = (
				OBJ_30 /* PBXTargetDependency */,
			);
			name = LazyArrayTests;
			productName = LazyArrayTests;
			productReference = OBJ_14 /* LazyArrayTests.xctest */;
			productType = "com.apple.product-type.bundle.unit-test";
		};
/* End PBXNativeTarget section */

/* Begin PBXProject section */
		OBJ_1 /* Project object */ = {
			isa = PBXProject;
			attributes = {
				LastUpgradeCheck = 9999;
			};
			buildConfigurationList = OBJ_2 /* Build configuration list for PBXProject "LazyArray" */;
			compatibilityVersion = "Xcode 3.2";
			developmentRegion = English;
			hasScannedForEncodings = 0;
			knownRegions = (
				en,
			);
			mainGroup = OBJ_5;
			productRefGroup = OBJ_12 /* Products */;
			projectDirPath = "";
			projectRoot = "";
			targets = (
				OBJ_15 /* LazyArray */,
				OBJ_22 /* LazyArrayTests */,
			);
		};
/* End PBXProject section */

/* Begin PBXSourcesBuildPhase section */
		OBJ_19 /* Sources */ = {
			isa = PBXSourcesBuildPhase;
			buildActionMask = 0;
			files = (
				1D84799E1F82A77C00B3BBFB /* LazyArray+Sequence.swift in Sources */,
				1D84799A1F82A77C00B3BBFB /* LazyArray+Range.swift in Sources */,
				1D8479971F82A77C00B3BBFB /* LazyArray+Any.swift in Sources */,
				1D84799D1F82A77C00B3BBFB /* LazyArray+Map.swift in Sources */,
				1D8479A01F82A77C00B3BBFB /* LazyArray+CoutableRange.swift in Sources */,
				1D84799B1F82A77C00B3BBFB /* LazyMutableList.swift in Sources */,
				1D84799F1F82A77C00B3BBFB /* LazyArray.swift in Sources */,
				1D8479981F82A77C00B3BBFB /* LazyArray+Array.swift in Sources */,
				1D84799C1F82A77C00B3BBFB /* LazyArray+Cache.swift in Sources */,
				1D8479991F82A77C00B3BBFB /* LazyArray+Linear.swift in Sources */,
			);
			runOnlyForDeploymentPostprocessing = 0;
		};
		OBJ_26 /* Sources */ = {
			isa = PBXSourcesBuildPhase;
			buildActionMask = 0;
			files = (
				OBJ_27 /* LazyArrayTests.swift in Sources */,
			);
			runOnlyForDeploymentPostprocessing = 0;
		};
/* End PBXSourcesBuildPhase section */

/* Begin PBXTargetDependency section */
		OBJ_30 /* PBXTargetDependency */ = {
			isa = PBXTargetDependency;
			target = OBJ_15 /* LazyArray */;
			targetProxy = B06BA1FF1F6FA4F400536567 /* PBXContainerItemProxy */;
		};
/* End PBXTargetDependency section */

/* Begin XCBuildConfiguration section */
		OBJ_17 /* Debug */ = {
			isa = XCBuildConfiguration;
			buildSettings = {
				ENABLE_TESTABILITY = YES;
				FRAMEWORK_SEARCH_PATHS = (
					"$(inherited)",
					"$(PLATFORM_DIR)/Developer/Library/Frameworks",
				);
				HEADER_SEARCH_PATHS = "$(inherited)";
				INFOPLIST_FILE = LazyArray.xcodeproj/LazyArray_Info.plist;
				IPHONEOS_DEPLOYMENT_TARGET = 8.0;
				LD_RUNPATH_SEARCH_PATHS = "$(TOOLCHAIN_DIR)/usr/lib/swift/macosx";
				OTHER_LDFLAGS = "$(inherited)";
				OTHER_SWIFT_FLAGS = "$(inherited)";
				PRODUCT_BUNDLE_IDENTIFIER = LazyArray;
				PRODUCT_MODULE_NAME = "$(TARGET_NAME:c99extidentifier)";
				PRODUCT_NAME = "$(TARGET_NAME:c99extidentifier)";
				SKIP_INSTALL = YES;
				TARGET_NAME = LazyArray;
				TVOS_DEPLOYMENT_TARGET = 9.0;
				WATCHOS_DEPLOYMENT_TARGET = 2.0;
			};
			name = Debug;
		};
		OBJ_18 /* Release */ = {
			isa = XCBuildConfiguration;
			buildSettings = {
				ENABLE_TESTABILITY = YES;
				FRAMEWORK_SEARCH_PATHS = (
					"$(inherited)",
					"$(PLATFORM_DIR)/Developer/Library/Frameworks",
				);
				HEADER_SEARCH_PATHS = "$(inherited)";
				INFOPLIST_FILE = LazyArray.xcodeproj/LazyArray_Info.plist;
				IPHONEOS_DEPLOYMENT_TARGET = 8.0;
				LD_RUNPATH_SEARCH_PATHS = "$(TOOLCHAIN_DIR)/usr/lib/swift/macosx";
				OTHER_LDFLAGS = "$(inherited)";
				OTHER_SWIFT_FLAGS = "$(inherited)";
				PRODUCT_BUNDLE_IDENTIFIER = LazyArray;
				PRODUCT_MODULE_NAME = "$(TARGET_NAME:c99extidentifier)";
				PRODUCT_NAME = "$(TARGET_NAME:c99extidentifier)";
				SKIP_INSTALL = YES;
				TARGET_NAME = LazyArray;
				TVOS_DEPLOYMENT_TARGET = 9.0;
				WATCHOS_DEPLOYMENT_TARGET = 2.0;
			};
			name = Release;
		};
		OBJ_24 /* Debug */ = {
			isa = XCBuildConfiguration;
			buildSettings = {
				EMBEDDED_CONTENT_CONTAINS_SWIFT = YES;
				FRAMEWORK_SEARCH_PATHS = (
					"$(inherited)",
					"$(PLATFORM_DIR)/Developer/Library/Frameworks",
				);
				HEADER_SEARCH_PATHS = "$(inherited)";
				INFOPLIST_FILE = LazyArray.xcodeproj/LazyArrayTests_Info.plist;
				LD_RUNPATH_SEARCH_PATHS = "@loader_path/../Frameworks @loader_path/Frameworks";
				OTHER_LDFLAGS = "$(inherited)";
				OTHER_SWIFT_FLAGS = "$(inherited)";
				TARGET_NAME = LazyArrayTests;
			};
			name = Debug;
		};
		OBJ_25 /* Release */ = {
			isa = XCBuildConfiguration;
			buildSettings = {
				EMBEDDED_CONTENT_CONTAINS_SWIFT = YES;
				FRAMEWORK_SEARCH_PATHS = (
					"$(inherited)",
					"$(PLATFORM_DIR)/Developer/Library/Frameworks",
				);
				HEADER_SEARCH_PATHS = "$(inherited)";
				INFOPLIST_FILE = LazyArray.xcodeproj/LazyArrayTests_Info.plist;
				LD_RUNPATH_SEARCH_PATHS = "@loader_path/../Frameworks @loader_path/Frameworks";
				OTHER_LDFLAGS = "$(inherited)";
				OTHER_SWIFT_FLAGS = "$(inherited)";
				TARGET_NAME = LazyArrayTests;
			};
			name = Release;
		};
		OBJ_3 /* Debug */ = {
			isa = XCBuildConfiguration;
			buildSettings = {
				CLANG_ENABLE_OBJC_ARC = YES;
				COMBINE_HIDPI_IMAGES = YES;
				COPY_PHASE_STRIP = NO;
				DEBUG_INFORMATION_FORMAT = dwarf;
				DYLIB_INSTALL_NAME_BASE = "@rpath";
				ENABLE_NS_ASSERTIONS = YES;
				GCC_OPTIMIZATION_LEVEL = 0;
				MACOSX_DEPLOYMENT_TARGET = 10.10;
				ONLY_ACTIVE_ARCH = YES;
				OTHER_SWIFT_FLAGS = "-DXcode";
				PRODUCT_NAME = "$(TARGET_NAME)";
				SDKROOT = macosx;
				SUPPORTED_PLATFORMS = "macosx iphoneos iphonesimulator appletvos appletvsimulator watchos watchsimulator";
				SWIFT_ACTIVE_COMPILATION_CONDITIONS = SWIFT_PACKAGE;
				SWIFT_OPTIMIZATION_LEVEL = "-Onone";
				SWIFT_VERSION = 4.0;
				USE_HEADERMAP = NO;
			};
			name = Debug;
		};
		OBJ_4 /* Release */ = {
			isa = XCBuildConfiguration;
			buildSettings = {
				CLANG_ENABLE_OBJC_ARC = YES;
				COMBINE_HIDPI_IMAGES = YES;
				COPY_PHASE_STRIP = YES;
				DEBUG_INFORMATION_FORMAT = "dwarf-with-dsym";
				DYLIB_INSTALL_NAME_BASE = "@rpath";
				GCC_OPTIMIZATION_LEVEL = s;
				MACOSX_DEPLOYMENT_TARGET = 10.10;
				OTHER_SWIFT_FLAGS = "-DXcode";
				PRODUCT_NAME = "$(TARGET_NAME)";
				SDKROOT = macosx;
				SUPPORTED_PLATFORMS = "macosx iphoneos iphonesimulator appletvos appletvsimulator watchos watchsimulator";
				SWIFT_ACTIVE_COMPILATION_CONDITIONS = SWIFT_PACKAGE;
				SWIFT_OPTIMIZATION_LEVEL = "-Owholemodule";
				SWIFT_VERSION = 4.0;
				USE_HEADERMAP = NO;
			};
			name = Release;
		};
/* End XCBuildConfiguration section */

/* Begin XCConfigurationList section */
		OBJ_16 /* Build configuration list for PBXNativeTarget "LazyArray" */ = {
			isa = XCConfigurationList;
			buildConfigurations = (
				OBJ_17 /* Debug */,
				OBJ_18 /* Release */,
			);
			defaultConfigurationIsVisible = 0;
			defaultConfigurationName = Debug;
		};
		OBJ_2 /* Build configuration list for PBXProject "LazyArray" */ = {
			isa = XCConfigurationList;
			buildConfigurations = (
				OBJ_3 /* Debug */,
				OBJ_4 /* Release */,
			);
			defaultConfigurationIsVisible = 0;
			defaultConfigurationName = Debug;
		};
		OBJ_23 /* Build configuration list for PBXNativeTarget "LazyArrayTests" */ = {
			isa = XCConfigurationList;
			buildConfigurations = (
				OBJ_24 /* Debug */,
				OBJ_25 /* Release */,
			);
			defaultConfigurationIsVisible = 0;
			defaultConfigurationName = Debug;
		};
/* End XCConfigurationList section */
	};
	rootObject = OBJ_1 /* Project object */;
}
